
Microsoft Visual Studio Solution File, Format Version 12.00
# Visual Studio Version 16
VisualStudioVersion = 25.0.1703.8
MinimumVisualStudioVersion = 10.0.40219.1
Project("{FAE04EC0-301F-11D3-BF4B-00C04F79EFBC}") = "Mg3.Utility", "Mg3.Utility\Mg3.Utility.csproj", "{E6F03AE7-786E-4D20-8988-CDAE43D24044}"
EndProject
Project("{FAE04EC0-301F-11D3-BF4B-00C04F79EFBC}") = "Mg3.Utility.Tests", "Mg3.Utility.Tests\Mg3.Utility.Tests.csproj", "{3C448A36-B0D8-4B9C-A15F-D5F7401EF95A}"
EndProject
Project("{FAE04EC0-301F-11D3-BF4B-00C04F79EFBC}") = "Mg3.Json", "Mg3.Json\Mg3.Json.csproj", "{9869C107-786D-462F-97CC-F53BBB224A69}"
EndProject
Global
	GlobalSection(SolutionConfigurationPlatforms) = preSolution
		Debug|Any CPU = Debug|Any CPU
		Release|Any CPU = Release|Any CPU
	EndGlobalSection
	GlobalSection(ProjectConfigurationPlatforms) = postSolution
		{E6F03AE7-786E-4D20-8988-CDAE43D24044}.Debug|Any CPU.ActiveCfg = Debug|Any CPU
		{E6F03AE7-786E-4D20-8988-CDAE43D24044}.Debug|Any CPU.Build.0 = Debug|Any CPU
		{E6F03AE7-786E-4D20-8988-CDAE43D24044}.Release|Any CPU.ActiveCfg = Release|Any CPU
		{E6F03AE7-786E-4D20-8988-CDAE43D24044}.Release|Any CPU.Build.0 = Release|Any CPU
		{3C448A36-B0D8-4B9C-A15F-D5F7401EF95A}.Debug|Any CPU.ActiveCfg = Debug|Any CPU
		{3C448A36-B0D8-4B9C-A15F-D5F7401EF95A}.Debug|Any CPU.Build.0 = Debug|Any CPU
		{3C448A36-B0D8-4B9C-A15F-D5F7401EF95A}.Release|Any CPU.ActiveCfg = Release|Any CPU
		{3C448A36-B0D8-4B9C-A15F-D5F7401EF95A}.Release|Any CPU.Build.0 = Release|Any CPU
		{9869C107-786D-462F-97CC-F53BBB224A69}.Debug|Any CPU.ActiveCfg = Debug|Any CPU
		{9869C107-786D-462F-97CC-F53BBB224A69}.Debug|Any CPU.Build.0 = Debug|Any CPU
		{9869C107-786D-462F-97CC-F53BBB224A69}.Release|Any CPU.ActiveCfg = Release|Any CPU
		{9869C107-786D-462F-97CC-F53BBB224A69}.Release|Any CPU.Build.0 = Release|Any CPU
	EndGlobalSection
	GlobalSection(SolutionProperties) = preSolution
		HideSolutionNode = FALSE
	EndGlobalSection
	GlobalSection(ExtensibilityGlobals) = postSolution
		SolutionGuid = {0875C4F9-C189-42B0-8694-6078D23AE9AD}
	EndGlobalSection
EndGlobal
